
Microsoft Visual Studio Solution File, Format Version 12.00
# Visual Studio Version 17
VisualStudioVersion = 17.5.33516.290
MinimumVisualStudioVersion = 10.0.40219.1
Project("{2150E333-8FDC-42A3-9474-1A3956D46DE8}") = "src", "src", "{50C8C1CA-32EA-4AEB-A73D-D2185DD227A7}"
EndProject
Project("{2150E333-8FDC-42A3-9474-1A3956D46DE8}") = "Core", "Core", "{A4C60C85-A101-43AD-B760-02D7186A301B}"
EndProject
Project("{2150E333-8FDC-42A3-9474-1A3956D46DE8}") = "Infraestructure", "Infraestructure", "{BEE890CC-8F27-4658-B939-5B2390A530BF}"
EndProject
Project("{2150E333-8FDC-42A3-9474-1A3956D46DE8}") = "Presentation", "Presentation", "{92DB5A7A-355E-4DBE-BCBC-B37B64D9A9DA}"
EndProject
Project("{9A19103F-16F7-4668-BE54-9A1E7A4F7556}") = "Application", "Application\Application.csproj", "{D90BEC93-3938-4696-94EB-B408B6EDA161}"
EndProject
Project("{9A19103F-16F7-4668-BE54-9A1E7A4F7556}") = "Domain", "Domain\Domain.csproj", "{60A88F92-5DEA-4B4E-A4F2-8E4A6506A94B}"
EndProject
Project("{9A19103F-16F7-4668-BE54-9A1E7A4F7556}") = "Persistence", "Persistence\Persistence.csproj", "{29E1AE6F-16D2-4211-8BEF-C826FDF7C21A}"
EndProject
Project("{9A19103F-16F7-4668-BE54-9A1E7A4F7556}") = "Shared", "Shared\Shared.csproj", "{805DACF5-B8F2-4371-AA66-F237DEAD9F47}"
EndProject
Project("{9A19103F-16F7-4668-BE54-9A1E7A4F7556}") = "WebAPI", "WebAPI\WebAPI.csproj", "{D35AAF30-216D-417D-A60D-31395DEA6A49}"
EndProject
Project("{FAE04EC0-301F-11D3-BF4B-00C04F79EFBC}") = "Identity", "Identity\Identity.csproj", "{C91E3957-2E7F-4006-A124-A0800E948D68}"
EndProject
Global
	GlobalSection(SolutionConfigurationPlatforms) = preSolution
		Debug|Any CPU = Debug|Any CPU
		Release|Any CPU = Release|Any CPU
	EndGlobalSection
	GlobalSection(ProjectConfigurationPlatforms) = postSolution
		{D90BEC93-3938-4696-94EB-B408B6EDA161}.Debug|Any CPU.ActiveCfg = Debug|Any CPU
		{D90BEC93-3938-4696-94EB-B408B6EDA161}.Debug|Any CPU.Build.0 = Debug|Any CPU
		{D90BEC93-3938-4696-94EB-B408B6EDA161}.Release|Any CPU.ActiveCfg = Release|Any CPU
		{D90BEC93-3938-4696-94EB-B408B6EDA161}.Release|Any CPU.Build.0 = Release|Any CPU
		{60A88F92-5DEA-4B4E-A4F2-8E4A6506A94B}.Debug|Any CPU.ActiveCfg = Debug|Any CPU
		{60A88F92-5DEA-4B4E-A4F2-8E4A6506A94B}.Debug|Any CPU.Build.0 = Debug|Any CPU
		{60A88F92-5DEA-4B4E-A4F2-8E4A6506A94B}.Release|Any CPU.ActiveCfg = Release|Any CPU
		{60A88F92-5DEA-4B4E-A4F2-8E4A6506A94B}.Release|Any CPU.Build.0 = Release|Any CPU
		{29E1AE6F-16D2-4211-8BEF-C826FDF7C21A}.Debug|Any CPU.ActiveCfg = Debug|Any CPU
		{29E1AE6F-16D2-4211-8BEF-C826FDF7C21A}.Debug|Any CPU.Build.0 = Debug|Any CPU
		{29E1AE6F-16D2-4211-8BEF-C826FDF7C21A}.Release|Any CPU.ActiveCfg = Release|Any CPU
		{29E1AE6F-16D2-4211-8BEF-C826FDF7C21A}.Release|Any CPU.Build.0 = Release|Any CPU
		{805DACF5-B8F2-4371-AA66-F237DEAD9F47}.Debug|Any CPU.ActiveCfg = Debug|Any CPU
		{805DACF5-B8F2-4371-AA66-F237DEAD9F47}.Debug|Any CPU.Build.0 = Debug|Any CPU
		{805DACF5-B8F2-4371-AA66-F237DEAD9F47}.Release|Any CPU.ActiveCfg = Release|Any CPU
		{805DACF5-B8F2-4371-AA66-F237DEAD9F47}.Release|Any CPU.Build.0 = Release|Any CPU
		{D35AAF30-216D-417D-A60D-31395DEA6A49}.Debug|Any CPU.ActiveCfg = Debug|Any CPU
		{D35AAF30-216D-417D-A60D-31395DEA6A49}.Debug|Any CPU.Build.0 = Debug|Any CPU
		{D35AAF30-216D-417D-A60D-31395DEA6A49}.Release|Any CPU.ActiveCfg = Release|Any CPU
		{D35AAF30-216D-417D-A60D-31395DEA6A49}.Release|Any CPU.Build.0 = Release|Any CPU
		{C91E3957-2E7F-4006-A124-A0800E948D68}.Debug|Any CPU.ActiveCfg = Debug|Any CPU
		{C91E3957-2E7F-4006-A124-A0800E948D68}.Debug|Any CPU.Build.0 = Debug|Any CPU
		{C91E3957-2E7F-4006-A124-A0800E948D68}.Release|Any CPU.ActiveCfg = Release|Any CPU
		{C91E3957-2E7F-4006-A124-A0800E948D68}.Release|Any CPU.Build.0 = Release|Any CPU
	EndGlobalSection
	GlobalSection(SolutionProperties) = preSolution
		HideSolutionNode = FALSE
	EndGlobalSection
	GlobalSection(NestedProjects) = preSolution
		{A4C60C85-A101-43AD-B760-02D7186A301B} = {50C8C1CA-32EA-4AEB-A73D-D2185DD227A7}
		{BEE890CC-8F27-4658-B939-5B2390A530BF} = {50C8C1CA-32EA-4AEB-A73D-D2185DD227A7}
		{92DB5A7A-355E-4DBE-BCBC-B37B64D9A9DA} = {50C8C1CA-32EA-4AEB-A73D-D2185DD227A7}
		{D90BEC93-3938-4696-94EB-B408B6EDA161} = {A4C60C85-A101-43AD-B760-02D7186A301B}
		{60A88F92-5DEA-4B4E-A4F2-8E4A6506A94B} = {A4C60C85-A101-43AD-B760-02D7186A301B}
		{29E1AE6F-16D2-4211-8BEF-C826FDF7C21A} = {BEE890CC-8F27-4658-B939-5B2390A530BF}
		{805DACF5-B8F2-4371-AA66-F237DEAD9F47} = {BEE890CC-8F27-4658-B939-5B2390A530BF}
		{D35AAF30-216D-417D-A60D-31395DEA6A49} = {92DB5A7A-355E-4DBE-BCBC-B37B64D9A9DA}
		{C91E3957-2E7F-4006-A124-A0800E948D68} = {BEE890CC-8F27-4658-B939-5B2390A530BF}
	EndGlobalSection
	GlobalSection(ExtensibilityGlobals) = postSolution
		SolutionGuid = {67D5C92C-0C13-482B-B7C8-AD34BDCC08E1}
	EndGlobalSection
EndGlobal
